
Microsoft Visual Studio Solution File, Format Version 12.00
# Visual Studio 15
VisualStudioVersion = 15.0.28307.572
MinimumVisualStudioVersion = 10.0.40219.1
Project("{9A19103F-16F7-4668-BE54-9A1E7A4F7556}") = "TTT", "TTT\TTT.csproj", "{2CBEE2FC-8AB9-4EC1-A267-2EC07F757CB0}"
EndProject
Project("{FAE04EC0-301F-11D3-BF4B-00C04F79EFBC}") = "TTT.Core", "Core\TTT.Core.csproj", "{245C8809-C7BC-4FD0-B8A9-5429276E3310}"
EndProject
Global
	GlobalSection(SolutionConfigurationPlatforms) = preSolution
		Debug|Any CPU = Debug|Any CPU
		Release|Any CPU = Release|Any CPU
	EndGlobalSection
	GlobalSection(ProjectConfigurationPlatforms) = postSolution
		{2CBEE2FC-8AB9-4EC1-A267-2EC07F757CB0}.Debug|Any CPU.ActiveCfg = Debug|Any CPU
		{2CBEE2FC-8AB9-4EC1-A267-2EC07F757CB0}.Debug|Any CPU.Build.0 = Debug|Any CPU
		{2CBEE2FC-8AB9-4EC1-A267-2EC07F757CB0}.Release|Any CPU.ActiveCfg = Release|Any CPU
		{2CBEE2FC-8AB9-4EC1-A267-2EC07F757CB0}.Release|Any CPU.Build.0 = Release|Any CPU
		{245C8809-C7BC-4FD0-B8A9-5429276E3310}.Debug|Any CPU.ActiveCfg = Debug|Any CPU
		{245C8809-C7BC-4FD0-B8A9-5429276E3310}.Debug|Any CPU.Build.0 = Debug|Any CPU
		{245C8809-C7BC-4FD0-B8A9-5429276E3310}.Release|Any CPU.ActiveCfg = Release|Any CPU
		{245C8809-C7BC-4FD0-B8A9-5429276E3310}.Release|Any CPU.Build.0 = Release|Any CPU
	EndGlobalSection
	GlobalSection(SolutionProperties) = preSolution
		HideSolutionNode = FALSE
	EndGlobalSection
	GlobalSection(ExtensibilityGlobals) = postSolution
		SolutionGuid = {13D5B845-5DD5-403D-82DE-B730FEB65183}
	EndGlobalSection
EndGlobal
